
Microsoft Visual Studio Solution File, Format Version 12.00
# Visual Studio Version 16
VisualStudioVersion = 16.0.31702.278
MinimumVisualStudioVersion = 10.0.40219.1
Project("{FAE04EC0-301F-11D3-BF4B-00C04F79EFBC}") = "CsvTabellieren", "CsvTabellieren\CsvTabellieren.csproj", "{1A5DDF54-80DC-4802-BF94-9960F7EA58EE}"
EndProject
Global
	GlobalSection(SolutionConfigurationPlatforms) = preSolution
		Debug|Any CPU = Debug|Any CPU
		Release|Any CPU = Release|Any CPU
	EndGlobalSection
	GlobalSection(ProjectConfigurationPlatforms) = postSolution
		{1A5DDF54-80DC-4802-BF94-9960F7EA58EE}.Debug|Any CPU.ActiveCfg = Debug|Any CPU
		{1A5DDF54-80DC-4802-BF94-9960F7EA58EE}.Debug|Any CPU.Build.0 = Debug|Any CPU
		{1A5DDF54-80DC-4802-BF94-9960F7EA58EE}.Release|Any CPU.ActiveCfg = Release|Any CPU
		{1A5DDF54-80DC-4802-BF94-9960F7EA58EE}.Release|Any CPU.Build.0 = Release|Any CPU
	EndGlobalSection
	GlobalSection(SolutionProperties) = preSolution
		HideSolutionNode = FALSE
	EndGlobalSection
	GlobalSection(ExtensibilityGlobals) = postSolution
		SolutionGuid = {1CDB327C-E335-4D66-ABD5-57C68C0A02E3}
	EndGlobalSection
EndGlobal
